
Microsoft Visual Studio Solution File, Format Version 12.00
# Visual Studio 14
VisualStudioVersion = 14.0.25123.0
MinimumVisualStudioVersion = 10.0.40219.1
Project("{FAE04EC0-301F-11D3-BF4B-00C04F79EFBC}") = "PrettySecureCloud.Droid", "PrettySecureCloud\PrettySecureCloud.Droid\PrettySecureCloud.Droid.csproj", "{791EA28B-A1FD-410D-BBB3-179A885809E3}"
EndProject
Project("{FAE04EC0-301F-11D3-BF4B-00C04F79EFBC}") = "PrettySecureCloud.iOS", "PrettySecureCloud\PrettySecureCloud.iOS\PrettySecureCloud.iOS.csproj", "{05217704-53E8-4B44-9789-8D6ED730474B}"
EndProject
Project("{FAE04EC0-301F-11D3-BF4B-00C04F79EFBC}") = "PrettySecureCloud.WinPhone", "PrettySecureCloud\PrettySecureCloud.WinPhone\PrettySecureCloud.WinPhone.csproj", "{93227182-54D0-4A06-921B-C95AFC1575FD}"
EndProject
Project("{FAE04EC0-301F-11D3-BF4B-00C04F79EFBC}") = "PrettySecureCloud.UWP", "PrettySecureCloud\PrettySecureCloud.UWP\PrettySecureCloud.UWP.csproj", "{B3953E0D-89F9-4868-AC95-06C3DD008F21}"
EndProject
Project("{FAE04EC0-301F-11D3-BF4B-00C04F79EFBC}") = "PrettySecureCloud.Windows", "PrettySecureCloud\PrettySecureCloud.Windows\PrettySecureCloud.Windows.csproj", "{163B9D48-B992-47C3-99A6-D1AFC518F7B8}"
EndProject
Project("{FAE04EC0-301F-11D3-BF4B-00C04F79EFBC}") = "PrettySecureCloud", "PrettySecureCloud\PrettySecureCloud\PrettySecureCloud.csproj", "{42E84D6B-6424-4F7C-BCD4-4A3F095F7052}"
EndProject
Global
	GlobalSection(SolutionConfigurationPlatforms) = preSolution
		Ad-Hoc|Any CPU = Ad-Hoc|Any CPU
		Ad-Hoc|ARM = Ad-Hoc|ARM
		Ad-Hoc|iPhone = Ad-Hoc|iPhone
		Ad-Hoc|iPhoneSimulator = Ad-Hoc|iPhoneSimulator
		Ad-Hoc|x64 = Ad-Hoc|x64
		Ad-Hoc|x86 = Ad-Hoc|x86
		AppStore|Any CPU = AppStore|Any CPU
		AppStore|ARM = AppStore|ARM
		AppStore|iPhone = AppStore|iPhone
		AppStore|iPhoneSimulator = AppStore|iPhoneSimulator
		AppStore|x64 = AppStore|x64
		AppStore|x86 = AppStore|x86
		Debug|Any CPU = Debug|Any CPU
		Debug|ARM = Debug|ARM
		Debug|iPhone = Debug|iPhone
		Debug|iPhoneSimulator = Debug|iPhoneSimulator
		Debug|x64 = Debug|x64
		Debug|x86 = Debug|x86
		Release|Any CPU = Release|Any CPU
		Release|ARM = Release|ARM
		Release|iPhone = Release|iPhone
		Release|iPhoneSimulator = Release|iPhoneSimulator
		Release|x64 = Release|x64
		Release|x86 = Release|x86
	EndGlobalSection
	GlobalSection(ProjectConfigurationPlatforms) = postSolution
		{791EA28B-A1FD-410D-BBB3-179A885809E3}.Ad-Hoc|Any CPU.ActiveCfg = Release|Any CPU
		{791EA28B-A1FD-410D-BBB3-179A885809E3}.Ad-Hoc|Any CPU.Build.0 = Release|Any CPU
		{791EA28B-A1FD-410D-BBB3-179A885809E3}.Ad-Hoc|Any CPU.Deploy.0 = Release|Any CPU
		{791EA28B-A1FD-410D-BBB3-179A885809E3}.Ad-Hoc|ARM.ActiveCfg = Release|Any CPU
		{791EA28B-A1FD-410D-BBB3-179A885809E3}.Ad-Hoc|ARM.Build.0 = Release|Any CPU
		{791EA28B-A1FD-410D-BBB3-179A885809E3}.Ad-Hoc|ARM.Deploy.0 = Release|Any CPU
		{791EA28B-A1FD-410D-BBB3-179A885809E3}.Ad-Hoc|iPhone.ActiveCfg = Release|Any CPU
		{791EA28B-A1FD-410D-BBB3-179A885809E3}.Ad-Hoc|iPhone.Build.0 = Release|Any CPU
		{791EA28B-A1FD-410D-BBB3-179A885809E3}.Ad-Hoc|iPhone.Deploy.0 = Release|Any CPU
		{791EA28B-A1FD-410D-BBB3-179A885809E3}.Ad-Hoc|iPhoneSimulator.ActiveCfg = Release|Any CPU
		{791EA28B-A1FD-410D-BBB3-179A885809E3}.Ad-Hoc|iPhoneSimulator.Build.0 = Release|Any CPU
		{791EA28B-A1FD-410D-BBB3-179A885809E3}.Ad-Hoc|iPhoneSimulator.Deploy.0 = Release|Any CPU
		{791EA28B-A1FD-410D-BBB3-179A885809E3}.Ad-Hoc|x64.ActiveCfg = Release|Any CPU
		{791EA28B-A1FD-410D-BBB3-179A885809E3}.Ad-Hoc|x64.Build.0 = Release|Any CPU
		{791EA28B-A1FD-410D-BBB3-179A885809E3}.Ad-Hoc|x64.Deploy.0 = Release|Any CPU
		{791EA28B-A1FD-410D-BBB3-179A885809E3}.Ad-Hoc|x86.ActiveCfg = Release|Any CPU
		{791EA28B-A1FD-410D-BBB3-179A885809E3}.Ad-Hoc|x86.Build.0 = Release|Any CPU
		{791EA28B-A1FD-410D-BBB3-179A885809E3}.Ad-Hoc|x86.Deploy.0 = Release|Any CPU
		{791EA28B-A1FD-410D-BBB3-179A885809E3}.AppStore|Any CPU.ActiveCfg = Release|Any CPU
		{791EA28B-A1FD-410D-BBB3-179A885809E3}.AppStore|Any CPU.Build.0 = Release|Any CPU
		{791EA28B-A1FD-410D-BBB3-179A885809E3}.AppStore|Any CPU.Deploy.0 = Release|Any CPU
		{791EA28B-A1FD-410D-BBB3-179A885809E3}.AppStore|ARM.ActiveCfg = Release|Any CPU
		{791EA28B-A1FD-410D-BBB3-179A885809E3}.AppStore|ARM.Build.0 = Release|Any CPU
		{791EA28B-A1FD-410D-BBB3-179A885809E3}.AppStore|ARM.Deploy.0 = Release|Any CPU
		{791EA28B-A1FD-410D-BBB3-179A885809E3}.AppStore|iPhone.ActiveCfg = Release|Any CPU
		{791EA28B-A1FD-410D-BBB3-179A885809E3}.AppStore|iPhone.Build.0 = Release|Any CPU
		{791EA28B-A1FD-410D-BBB3-179A885809E3}.AppStore|iPhone.Deploy.0 = Release|Any CPU
		{791EA28B-A1FD-410D-BBB3-179A885809E3}.AppStore|iPhoneSimulator.ActiveCfg = Release|Any CPU
		{791EA28B-A1FD-410D-BBB3-179A885809E3}.AppStore|iPhoneSimulator.Build.0 = Release|Any CPU
		{791EA28B-A1FD-410D-BBB3-179A885809E3}.AppStore|iPhoneSimulator.Deploy.0 = Release|Any CPU
		{791EA28B-A1FD-410D-BBB3-179A885809E3}.AppStore|x64.ActiveCfg = Release|Any CPU
		{791EA28B-A1FD-410D-BBB3-179A885809E3}.AppStore|x64.Build.0 = Release|Any CPU
		{791EA28B-A1FD-410D-BBB3-179A885809E3}.AppStore|x64.Deploy.0 = Release|Any CPU
		{791EA28B-A1FD-410D-BBB3-179A885809E3}.AppStore|x86.ActiveCfg = Release|Any CPU
		{791EA28B-A1FD-410D-BBB3-179A885809E3}.AppStore|x86.Build.0 = Release|Any CPU
		{791EA28B-A1FD-410D-BBB3-179A885809E3}.AppStore|x86.Deploy.0 = Release|Any CPU
		{791EA28B-A1FD-410D-BBB3-179A885809E3}.Debug|Any CPU.ActiveCfg = Debug|Any CPU
		{791EA28B-A1FD-410D-BBB3-179A885809E3}.Debug|Any CPU.Build.0 = Debug|Any CPU
		{791EA28B-A1FD-410D-BBB3-179A885809E3}.Debug|Any CPU.Deploy.0 = Debug|Any CPU
		{791EA28B-A1FD-410D-BBB3-179A885809E3}.Debug|ARM.ActiveCfg = Debug|Any CPU
		{791EA28B-A1FD-410D-BBB3-179A885809E3}.Debug|ARM.Build.0 = Debug|Any CPU
		{791EA28B-A1FD-410D-BBB3-179A885809E3}.Debug|ARM.Deploy.0 = Debug|Any CPU
		{791EA28B-A1FD-410D-BBB3-179A885809E3}.Debug|iPhone.ActiveCfg = Debug|Any CPU
		{791EA28B-A1FD-410D-BBB3-179A885809E3}.Debug|iPhone.Build.0 = Debug|Any CPU
		{791EA28B-A1FD-410D-BBB3-179A885809E3}.Debug|iPhone.Deploy.0 = Debug|Any CPU
		{791EA28B-A1FD-410D-BBB3-179A885809E3}.Debug|iPhoneSimulator.ActiveCfg = Debug|Any CPU
		{791EA28B-A1FD-410D-BBB3-179A885809E3}.Debug|iPhoneSimulator.Build.0 = Debug|Any CPU
		{791EA28B-A1FD-410D-BBB3-179A885809E3}.Debug|iPhoneSimulator.Deploy.0 = Debug|Any CPU
		{791EA28B-A1FD-410D-BBB3-179A885809E3}.Debug|x64.ActiveCfg = Debug|Any CPU
		{791EA28B-A1FD-410D-BBB3-179A885809E3}.Debug|x64.Build.0 = Debug|Any CPU
		{791EA28B-A1FD-410D-BBB3-179A885809E3}.Debug|x64.Deploy.0 = Debug|Any CPU
		{791EA28B-A1FD-410D-BBB3-179A885809E3}.Debug|x86.ActiveCfg = Debug|Any CPU
		{791EA28B-A1FD-410D-BBB3-179A885809E3}.Debug|x86.Build.0 = Debug|Any CPU
		{791EA28B-A1FD-410D-BBB3-179A885809E3}.Debug|x86.Deploy.0 = Debug|Any CPU
		{791EA28B-A1FD-410D-BBB3-179A885809E3}.Release|Any CPU.ActiveCfg = Release|Any CPU
		{791EA28B-A1FD-410D-BBB3-179A885809E3}.Release|Any CPU.Build.0 = Release|Any CPU
		{791EA28B-A1FD-410D-BBB3-179A885809E3}.Release|Any CPU.Deploy.0 = Release|Any CPU
		{791EA28B-A1FD-410D-BBB3-179A885809E3}.Release|ARM.ActiveCfg = Release|Any CPU
		{791EA28B-A1FD-410D-BBB3-179A885809E3}.Release|ARM.Build.0 = Release|Any CPU
		{791EA28B-A1FD-410D-BBB3-179A885809E3}.Release|ARM.Deploy.0 = Release|Any CPU
		{791EA28B-A1FD-410D-BBB3-179A885809E3}.Release|iPhone.ActiveCfg = Release|Any CPU
		{791EA28B-A1FD-410D-BBB3-179A885809E3}.Release|iPhone.Build.0 = Release|Any CPU
		{791EA28B-A1FD-410D-BBB3-179A885809E3}.Release|iPhone.Deploy.0 = Release|Any CPU
		{791EA28B-A1FD-410D-BBB3-179A885809E3}.Release|iPhoneSimulator.ActiveCfg = Release|Any CPU
		{791EA28B-A1FD-410D-BBB3-179A885809E3}.Release|iPhoneSimulator.Build.0 = Release|Any CPU
		{791EA28B-A1FD-410D-BBB3-179A885809E3}.Release|iPhoneSimulator.Deploy.0 = Release|Any CPU
		{791EA28B-A1FD-410D-BBB3-179A885809E3}.Release|x64.ActiveCfg = Release|Any CPU
		{791EA28B-A1FD-410D-BBB3-179A885809E3}.Release|x64.Build.0 = Release|Any CPU
		{791EA28B-A1FD-410D-BBB3-179A885809E3}.Release|x64.Deploy.0 = Release|Any CPU
		{791EA28B-A1FD-410D-BBB3-179A885809E3}.Release|x86.ActiveCfg = Release|Any CPU
		{791EA28B-A1FD-410D-BBB3-179A885809E3}.Release|x86.Build.0 = Release|Any CPU
		{791EA28B-A1FD-410D-BBB3-179A885809E3}.Release|x86.Deploy.0 = Release|Any CPU
		{05217704-53E8-4B44-9789-8D6ED730474B}.Ad-Hoc|Any CPU.ActiveCfg = Ad-Hoc|iPhone
		{05217704-53E8-4B44-9789-8D6ED730474B}.Ad-Hoc|ARM.ActiveCfg = Ad-Hoc|iPhone
		{05217704-53E8-4B44-9789-8D6ED730474B}.Ad-Hoc|iPhone.ActiveCfg = Ad-Hoc|iPhone
		{05217704-53E8-4B44-9789-8D6ED730474B}.Ad-Hoc|iPhone.Build.0 = Ad-Hoc|iPhone
		{05217704-53E8-4B44-9789-8D6ED730474B}.Ad-Hoc|iPhoneSimulator.ActiveCfg = Ad-Hoc|iPhoneSimulator
		{05217704-53E8-4B44-9789-8D6ED730474B}.Ad-Hoc|iPhoneSimulator.Build.0 = Ad-Hoc|iPhoneSimulator
		{05217704-53E8-4B44-9789-8D6ED730474B}.Ad-Hoc|x64.ActiveCfg = Ad-Hoc|iPhone
		{05217704-53E8-4B44-9789-8D6ED730474B}.Ad-Hoc|x86.ActiveCfg = Ad-Hoc|iPhone
		{05217704-53E8-4B44-9789-8D6ED730474B}.AppStore|Any CPU.ActiveCfg = AppStore|iPhone
		{05217704-53E8-4B44-9789-8D6ED730474B}.AppStore|ARM.ActiveCfg = AppStore|iPhone
		{05217704-53E8-4B44-9789-8D6ED730474B}.AppStore|iPhone.ActiveCfg = AppStore|iPhone
		{05217704-53E8-4B44-9789-8D6ED730474B}.AppStore|iPhone.Build.0 = AppStore|iPhone
		{05217704-53E8-4B44-9789-8D6ED730474B}.AppStore|iPhoneSimulator.ActiveCfg = AppStore|iPhoneSimulator
		{05217704-53E8-4B44-9789-8D6ED730474B}.AppStore|iPhoneSimulator.Build.0 = AppStore|iPhoneSimulator
		{05217704-53E8-4B44-9789-8D6ED730474B}.AppStore|x64.ActiveCfg = AppStore|iPhone
		{05217704-53E8-4B44-9789-8D6ED730474B}.AppStore|x86.ActiveCfg = AppStore|iPhone
		{05217704-53E8-4B44-9789-8D6ED730474B}.Debug|Any CPU.ActiveCfg = Debug|iPhone
		{05217704-53E8-4B44-9789-8D6ED730474B}.Debug|ARM.ActiveCfg = Debug|iPhone
		{05217704-53E8-4B44-9789-8D6ED730474B}.Debug|iPhone.ActiveCfg = Debug|iPhone
		{05217704-53E8-4B44-9789-8D6ED730474B}.Debug|iPhone.Build.0 = Debug|iPhone
		{05217704-53E8-4B44-9789-8D6ED730474B}.Debug|iPhoneSimulator.ActiveCfg = Debug|iPhoneSimulator
		{05217704-53E8-4B44-9789-8D6ED730474B}.Debug|iPhoneSimulator.Build.0 = Debug|iPhoneSimulator
		{05217704-53E8-4B44-9789-8D6ED730474B}.Debug|x64.ActiveCfg = Debug|iPhone
		{05217704-53E8-4B44-9789-8D6ED730474B}.Debug|x86.ActiveCfg = Debug|iPhone
		{05217704-53E8-4B44-9789-8D6ED730474B}.Release|Any CPU.ActiveCfg = Release|iPhone
		{05217704-53E8-4B44-9789-8D6ED730474B}.Release|ARM.ActiveCfg = Release|iPhone
		{05217704-53E8-4B44-9789-8D6ED730474B}.Release|iPhone.ActiveCfg = Release|iPhone
		{05217704-53E8-4B44-9789-8D6ED730474B}.Release|iPhone.Build.0 = Release|iPhone
		{05217704-53E8-4B44-9789-8D6ED730474B}.Release|iPhoneSimulator.ActiveCfg = Release|iPhoneSimulator
		{05217704-53E8-4B44-9789-8D6ED730474B}.Release|iPhoneSimulator.Build.0 = Release|iPhoneSimulator
		{05217704-53E8-4B44-9789-8D6ED730474B}.Release|x64.ActiveCfg = Release|iPhone
		{05217704-53E8-4B44-9789-8D6ED730474B}.Release|x86.ActiveCfg = Release|iPhone
		{93227182-54D0-4A06-921B-C95AFC1575FD}.Ad-Hoc|Any CPU.ActiveCfg = Release|Any CPU
		{93227182-54D0-4A06-921B-C95AFC1575FD}.Ad-Hoc|Any CPU.Build.0 = Release|Any CPU
		{93227182-54D0-4A06-921B-C95AFC1575FD}.Ad-Hoc|Any CPU.Deploy.0 = Release|Any CPU
		{93227182-54D0-4A06-921B-C95AFC1575FD}.Ad-Hoc|ARM.ActiveCfg = Release|ARM
		{93227182-54D0-4A06-921B-C95AFC1575FD}.Ad-Hoc|ARM.Build.0 = Release|ARM
		{93227182-54D0-4A06-921B-C95AFC1575FD}.Ad-Hoc|ARM.Deploy.0 = Release|ARM
		{93227182-54D0-4A06-921B-C95AFC1575FD}.Ad-Hoc|iPhone.ActiveCfg = Release|Any CPU
		{93227182-54D0-4A06-921B-C95AFC1575FD}.Ad-Hoc|iPhone.Build.0 = Release|Any CPU
		{93227182-54D0-4A06-921B-C95AFC1575FD}.Ad-Hoc|iPhone.Deploy.0 = Release|Any CPU
		{93227182-54D0-4A06-921B-C95AFC1575FD}.Ad-Hoc|iPhoneSimulator.ActiveCfg = Release|Any CPU
		{93227182-54D0-4A06-921B-C95AFC1575FD}.Ad-Hoc|iPhoneSimulator.Build.0 = Release|Any CPU
		{93227182-54D0-4A06-921B-C95AFC1575FD}.Ad-Hoc|iPhoneSimulator.Deploy.0 = Release|Any CPU
		{93227182-54D0-4A06-921B-C95AFC1575FD}.Ad-Hoc|x64.ActiveCfg = Release|Any CPU
		{93227182-54D0-4A06-921B-C95AFC1575FD}.Ad-Hoc|x64.Build.0 = Release|Any CPU
		{93227182-54D0-4A06-921B-C95AFC1575FD}.Ad-Hoc|x64.Deploy.0 = Release|Any CPU
		{93227182-54D0-4A06-921B-C95AFC1575FD}.Ad-Hoc|x86.ActiveCfg = Release|x86
		{93227182-54D0-4A06-921B-C95AFC1575FD}.Ad-Hoc|x86.Build.0 = Release|x86
		{93227182-54D0-4A06-921B-C95AFC1575FD}.Ad-Hoc|x86.Deploy.0 = Release|x86
		{93227182-54D0-4A06-921B-C95AFC1575FD}.AppStore|Any CPU.ActiveCfg = Release|Any CPU
		{93227182-54D0-4A06-921B-C95AFC1575FD}.AppStore|Any CPU.Build.0 = Release|Any CPU
		{93227182-54D0-4A06-921B-C95AFC1575FD}.AppStore|Any CPU.Deploy.0 = Release|Any CPU
		{93227182-54D0-4A06-921B-C95AFC1575FD}.AppStore|ARM.ActiveCfg = Release|ARM
		{93227182-54D0-4A06-921B-C95AFC1575FD}.AppStore|ARM.Build.0 = Release|ARM
		{93227182-54D0-4A06-921B-C95AFC1575FD}.AppStore|ARM.Deploy.0 = Release|ARM
		{93227182-54D0-4A06-921B-C95AFC1575FD}.AppStore|iPhone.ActiveCfg = Release|Any CPU
		{93227182-54D0-4A06-921B-C95AFC1575FD}.AppStore|iPhone.Build.0 = Release|Any CPU
		{93227182-54D0-4A06-921B-C95AFC1575FD}.AppStore|iPhone.Deploy.0 = Release|Any CPU
		{93227182-54D0-4A06-921B-C95AFC1575FD}.AppStore|iPhoneSimulator.ActiveCfg = Release|Any CPU
		{93227182-54D0-4A06-921B-C95AFC1575FD}.AppStore|iPhoneSimulator.Build.0 = Release|Any CPU
		{93227182-54D0-4A06-921B-C95AFC1575FD}.AppStore|iPhoneSimulator.Deploy.0 = Release|Any CPU
		{93227182-54D0-4A06-921B-C95AFC1575FD}.AppStore|x64.ActiveCfg = Release|Any CPU
		{93227182-54D0-4A06-921B-C95AFC1575FD}.AppStore|x64.Build.0 = Release|Any CPU
		{93227182-54D0-4A06-921B-C95AFC1575FD}.AppStore|x64.Deploy.0 = Release|Any CPU
		{93227182-54D0-4A06-921B-C95AFC1575FD}.AppStore|x86.ActiveCfg = Release|x86
		{93227182-54D0-4A06-921B-C95AFC1575FD}.AppStore|x86.Build.0 = Release|x86
		{93227182-54D0-4A06-921B-C95AFC1575FD}.AppStore|x86.Deploy.0 = Release|x86
		{93227182-54D0-4A06-921B-C95AFC1575FD}.Debug|Any CPU.ActiveCfg = Debug|Any CPU
		{93227182-54D0-4A06-921B-C95AFC1575FD}.Debug|Any CPU.Build.0 = Debug|Any CPU
		{93227182-54D0-4A06-921B-C95AFC1575FD}.Debug|Any CPU.Deploy.0 = Debug|Any CPU
		{93227182-54D0-4A06-921B-C95AFC1575FD}.Debug|ARM.ActiveCfg = Debug|ARM
		{93227182-54D0-4A06-921B-C95AFC1575FD}.Debug|ARM.Build.0 = Debug|ARM
		{93227182-54D0-4A06-921B-C95AFC1575FD}.Debug|ARM.Deploy.0 = Debug|ARM
		{93227182-54D0-4A06-921B-C95AFC1575FD}.Debug|iPhone.ActiveCfg = Debug|Any CPU
		{93227182-54D0-4A06-921B-C95AFC1575FD}.Debug|iPhone.Build.0 = Debug|Any CPU
		{93227182-54D0-4A06-921B-C95AFC1575FD}.Debug|iPhone.Deploy.0 = Debug|Any CPU
		{93227182-54D0-4A06-921B-C95AFC1575FD}.Debug|iPhoneSimulator.ActiveCfg = Debug|Any CPU
		{93227182-54D0-4A06-921B-C95AFC1575FD}.Debug|iPhoneSimulator.Build.0 = Debug|Any CPU
		{93227182-54D0-4A06-921B-C95AFC1575FD}.Debug|iPhoneSimulator.Deploy.0 = Debug|Any CPU
		{93227182-54D0-4A06-921B-C95AFC1575FD}.Debug|x64.ActiveCfg = Debug|Any CPU
		{93227182-54D0-4A06-921B-C95AFC1575FD}.Debug|x64.Build.0 = Debug|Any CPU
		{93227182-54D0-4A06-921B-C95AFC1575FD}.Debug|x64.Deploy.0 = Debug|Any CPU
		{93227182-54D0-4A06-921B-C95AFC1575FD}.Debug|x86.ActiveCfg = Debug|x86
		{93227182-54D0-4A06-921B-C95AFC1575FD}.Debug|x86.Build.0 = Debug|x86
		{93227182-54D0-4A06-921B-C95AFC1575FD}.Debug|x86.Deploy.0 = Debug|x86
		{93227182-54D0-4A06-921B-C95AFC1575FD}.Release|Any CPU.ActiveCfg = Release|Any CPU
		{93227182-54D0-4A06-921B-C95AFC1575FD}.Release|Any CPU.Build.0 = Release|Any CPU
		{93227182-54D0-4A06-921B-C95AFC1575FD}.Release|Any CPU.Deploy.0 = Release|Any CPU
		{93227182-54D0-4A06-921B-C95AFC1575FD}.Release|ARM.ActiveCfg = Release|ARM
		{93227182-54D0-4A06-921B-C95AFC1575FD}.Release|ARM.Build.0 = Release|ARM
		{93227182-54D0-4A06-921B-C95AFC1575FD}.Release|ARM.Deploy.0 = Release|ARM
		{93227182-54D0-4A06-921B-C95AFC1575FD}.Release|iPhone.ActiveCfg = Release|Any CPU
		{93227182-54D0-4A06-921B-C95AFC1575FD}.Release|iPhone.Build.0 = Release|Any CPU
		{93227182-54D0-4A06-921B-C95AFC1575FD}.Release|iPhone.Deploy.0 = Release|Any CPU
		{93227182-54D0-4A06-921B-C95AFC1575FD}.Release|iPhoneSimulator.ActiveCfg = Release|Any CPU
		{93227182-54D0-4A06-921B-C95AFC1575FD}.Release|iPhoneSimulator.Build.0 = Release|Any CPU
		{93227182-54D0-4A06-921B-C95AFC1575FD}.Release|iPhoneSimulator.Deploy.0 = Release|Any CPU
		{93227182-54D0-4A06-921B-C95AFC1575FD}.Release|x64.ActiveCfg = Release|Any CPU
		{93227182-54D0-4A06-921B-C95AFC1575FD}.Release|x64.Build.0 = Release|Any CPU
		{93227182-54D0-4A06-921B-C95AFC1575FD}.Release|x64.Deploy.0 = Release|Any CPU
		{93227182-54D0-4A06-921B-C95AFC1575FD}.Release|x86.ActiveCfg = Release|x86
		{93227182-54D0-4A06-921B-C95AFC1575FD}.Release|x86.Build.0 = Release|x86
		{93227182-54D0-4A06-921B-C95AFC1575FD}.Release|x86.Deploy.0 = Release|x86
		{B3953E0D-89F9-4868-AC95-06C3DD008F21}.Ad-Hoc|Any CPU.ActiveCfg = Release|x86
		{B3953E0D-89F9-4868-AC95-06C3DD008F21}.Ad-Hoc|Any CPU.Build.0 = Release|x86
		{B3953E0D-89F9-4868-AC95-06C3DD008F21}.Ad-Hoc|Any CPU.Deploy.0 = Release|x86
		{B3953E0D-89F9-4868-AC95-06C3DD008F21}.Ad-Hoc|ARM.ActiveCfg = Release|ARM
		{B3953E0D-89F9-4868-AC95-06C3DD008F21}.Ad-Hoc|ARM.Build.0 = Release|ARM
		{B3953E0D-89F9-4868-AC95-06C3DD008F21}.Ad-Hoc|ARM.Deploy.0 = Release|ARM
		{B3953E0D-89F9-4868-AC95-06C3DD008F21}.Ad-Hoc|iPhone.ActiveCfg = Release|x86
		{B3953E0D-89F9-4868-AC95-06C3DD008F21}.Ad-Hoc|iPhone.Build.0 = Release|x86
		{B3953E0D-89F9-4868-AC95-06C3DD008F21}.Ad-Hoc|iPhone.Deploy.0 = Release|x86
		{B3953E0D-89F9-4868-AC95-06C3DD008F21}.Ad-Hoc|iPhoneSimulator.ActiveCfg = Release|x86
		{B3953E0D-89F9-4868-AC95-06C3DD008F21}.Ad-Hoc|iPhoneSimulator.Build.0 = Release|x86
		{B3953E0D-89F9-4868-AC95-06C3DD008F21}.Ad-Hoc|iPhoneSimulator.Deploy.0 = Release|x86
		{B3953E0D-89F9-4868-AC95-06C3DD008F21}.Ad-Hoc|x64.ActiveCfg = Release|x64
		{B3953E0D-89F9-4868-AC95-06C3DD008F21}.Ad-Hoc|x64.Build.0 = Release|x64
		{B3953E0D-89F9-4868-AC95-06C3DD008F21}.Ad-Hoc|x64.Deploy.0 = Release|x64
		{B3953E0D-89F9-4868-AC95-06C3DD008F21}.Ad-Hoc|x86.ActiveCfg = Release|x86
		{B3953E0D-89F9-4868-AC95-06C3DD008F21}.Ad-Hoc|x86.Build.0 = Release|x86
		{B3953E0D-89F9-4868-AC95-06C3DD008F21}.Ad-Hoc|x86.Deploy.0 = Release|x86
		{B3953E0D-89F9-4868-AC95-06C3DD008F21}.AppStore|Any CPU.ActiveCfg = Release|x86
		{B3953E0D-89F9-4868-AC95-06C3DD008F21}.AppStore|Any CPU.Build.0 = Release|x86
		{B3953E0D-89F9-4868-AC95-06C3DD008F21}.AppStore|Any CPU.Deploy.0 = Release|x86
		{B3953E0D-89F9-4868-AC95-06C3DD008F21}.AppStore|ARM.ActiveCfg = Release|ARM
		{B3953E0D-89F9-4868-AC95-06C3DD008F21}.AppStore|ARM.Build.0 = Release|ARM
		{B3953E0D-89F9-4868-AC95-06C3DD008F21}.AppStore|ARM.Deploy.0 = Release|ARM
		{B3953E0D-89F9-4868-AC95-06C3DD008F21}.AppStore|iPhone.ActiveCfg = Release|x86
		{B3953E0D-89F9-4868-AC95-06C3DD008F21}.AppStore|iPhone.Build.0 = Release|x86
		{B3953E0D-89F9-4868-AC95-06C3DD008F21}.AppStore|iPhone.Deploy.0 = Release|x86
		{B3953E0D-89F9-4868-AC95-06C3DD008F21}.AppStore|iPhoneSimulator.ActiveCfg = Release|x86
		{B3953E0D-89F9-4868-AC95-06C3DD008F21}.AppStore|iPhoneSimulator.Build.0 = Release|x86
		{B3953E0D-89F9-4868-AC95-06C3DD008F21}.AppStore|iPhoneSimulator.Deploy.0 = Release|x86
		{B3953E0D-89F9-4868-AC95-06C3DD008F21}.AppStore|x64.ActiveCfg = Release|x64
		{B3953E0D-89F9-4868-AC95-06C3DD008F21}.AppStore|x64.Build.0 = Release|x64
		{B3953E0D-89F9-4868-AC95-06C3DD008F21}.AppStore|x64.Deploy.0 = Release|x64
		{B3953E0D-89F9-4868-AC95-06C3DD008F21}.AppStore|x86.ActiveCfg = Release|x86
		{B3953E0D-89F9-4868-AC95-06C3DD008F21}.AppStore|x86.Build.0 = Release|x86
		{B3953E0D-89F9-4868-AC95-06C3DD008F21}.AppStore|x86.Deploy.0 = Release|x86
		{B3953E0D-89F9-4868-AC95-06C3DD008F21}.Debug|Any CPU.ActiveCfg = Debug|x86
		{B3953E0D-89F9-4868-AC95-06C3DD008F21}.Debug|ARM.ActiveCfg = Debug|ARM
		{B3953E0D-89F9-4868-AC95-06C3DD008F21}.Debug|ARM.Build.0 = Debug|ARM
		{B3953E0D-89F9-4868-AC95-06C3DD008F21}.Debug|ARM.Deploy.0 = Debug|ARM
		{B3953E0D-89F9-4868-AC95-06C3DD008F21}.Debug|iPhone.ActiveCfg = Debug|x86
		{B3953E0D-89F9-4868-AC95-06C3DD008F21}.Debug|iPhoneSimulator.ActiveCfg = Debug|x86
		{B3953E0D-89F9-4868-AC95-06C3DD008F21}.Debug|x64.ActiveCfg = Debug|x64
		{B3953E0D-89F9-4868-AC95-06C3DD008F21}.Debug|x64.Build.0 = Debug|x64
		{B3953E0D-89F9-4868-AC95-06C3DD008F21}.Debug|x64.Deploy.0 = Debug|x64
		{B3953E0D-89F9-4868-AC95-06C3DD008F21}.Debug|x86.ActiveCfg = Debug|x86
		{B3953E0D-89F9-4868-AC95-06C3DD008F21}.Debug|x86.Build.0 = Debug|x86
		{B3953E0D-89F9-4868-AC95-06C3DD008F21}.Debug|x86.Deploy.0 = Debug|x86
		{B3953E0D-89F9-4868-AC95-06C3DD008F21}.Release|Any CPU.ActiveCfg = Release|x86
		{B3953E0D-89F9-4868-AC95-06C3DD008F21}.Release|ARM.ActiveCfg = Release|ARM
		{B3953E0D-89F9-4868-AC95-06C3DD008F21}.Release|ARM.Build.0 = Release|ARM
		{B3953E0D-89F9-4868-AC95-06C3DD008F21}.Release|ARM.Deploy.0 = Release|ARM
		{B3953E0D-89F9-4868-AC95-06C3DD008F21}.Release|iPhone.ActiveCfg = Release|x86
		{B3953E0D-89F9-4868-AC95-06C3DD008F21}.Release|iPhoneSimulator.ActiveCfg = Release|x86
		{B3953E0D-89F9-4868-AC95-06C3DD008F21}.Release|x64.ActiveCfg = Release|x64
		{B3953E0D-89F9-4868-AC95-06C3DD008F21}.Release|x64.Build.0 = Release|x64
		{B3953E0D-89F9-4868-AC95-06C3DD008F21}.Release|x64.Deploy.0 = Release|x64
		{B3953E0D-89F9-4868-AC95-06C3DD008F21}.Release|x86.ActiveCfg = Release|x86
		{B3953E0D-89F9-4868-AC95-06C3DD008F21}.Release|x86.Build.0 = Release|x86
		{B3953E0D-89F9-4868-AC95-06C3DD008F21}.Release|x86.Deploy.0 = Release|x86
		{163B9D48-B992-47C3-99A6-D1AFC518F7B8}.Ad-Hoc|Any CPU.ActiveCfg = Release|Any CPU
		{163B9D48-B992-47C3-99A6-D1AFC518F7B8}.Ad-Hoc|Any CPU.Build.0 = Release|Any CPU
		{163B9D48-B992-47C3-99A6-D1AFC518F7B8}.Ad-Hoc|Any CPU.Deploy.0 = Release|Any CPU
		{163B9D48-B992-47C3-99A6-D1AFC518F7B8}.Ad-Hoc|ARM.ActiveCfg = Release|ARM
		{163B9D48-B992-47C3-99A6-D1AFC518F7B8}.Ad-Hoc|ARM.Build.0 = Release|ARM
		{163B9D48-B992-47C3-99A6-D1AFC518F7B8}.Ad-Hoc|ARM.Deploy.0 = Release|ARM
		{163B9D48-B992-47C3-99A6-D1AFC518F7B8}.Ad-Hoc|iPhone.ActiveCfg = Release|Any CPU
		{163B9D48-B992-47C3-99A6-D1AFC518F7B8}.Ad-Hoc|iPhone.Build.0 = Release|Any CPU
		{163B9D48-B992-47C3-99A6-D1AFC518F7B8}.Ad-Hoc|iPhone.Deploy.0 = Release|Any CPU
		{163B9D48-B992-47C3-99A6-D1AFC518F7B8}.Ad-Hoc|iPhoneSimulator.ActiveCfg = Release|Any CPU
		{163B9D48-B992-47C3-99A6-D1AFC518F7B8}.Ad-Hoc|iPhoneSimulator.Build.0 = Release|Any CPU
		{163B9D48-B992-47C3-99A6-D1AFC518F7B8}.Ad-Hoc|iPhoneSimulator.Deploy.0 = Release|Any CPU
		{163B9D48-B992-47C3-99A6-D1AFC518F7B8}.Ad-Hoc|x64.ActiveCfg = Release|x64
		{163B9D48-B992-47C3-99A6-D1AFC518F7B8}.Ad-Hoc|x64.Build.0 = Release|x64
		{163B9D48-B992-47C3-99A6-D1AFC518F7B8}.Ad-Hoc|x64.Deploy.0 = Release|x64
		{163B9D48-B992-47C3-99A6-D1AFC518F7B8}.Ad-Hoc|x86.ActiveCfg = Release|x86
		{163B9D48-B992-47C3-99A6-D1AFC518F7B8}.Ad-Hoc|x86.Build.0 = Release|x86
		{163B9D48-B992-47C3-99A6-D1AFC518F7B8}.Ad-Hoc|x86.Deploy.0 = Release|x86
		{163B9D48-B992-47C3-99A6-D1AFC518F7B8}.AppStore|Any CPU.ActiveCfg = Release|Any CPU
		{163B9D48-B992-47C3-99A6-D1AFC518F7B8}.AppStore|Any CPU.Build.0 = Release|Any CPU
		{163B9D48-B992-47C3-99A6-D1AFC518F7B8}.AppStore|Any CPU.Deploy.0 = Release|Any CPU
		{163B9D48-B992-47C3-99A6-D1AFC518F7B8}.AppStore|ARM.ActiveCfg = Release|ARM
		{163B9D48-B992-47C3-99A6-D1AFC518F7B8}.AppStore|ARM.Build.0 = Release|ARM
		{163B9D48-B992-47C3-99A6-D1AFC518F7B8}.AppStore|ARM.Deploy.0 = Release|ARM
		{163B9D48-B992-47C3-99A6-D1AFC518F7B8}.AppStore|iPhone.ActiveCfg = Release|Any CPU
		{163B9D48-B992-47C3-99A6-D1AFC518F7B8}.AppStore|iPhone.Build.0 = Release|Any CPU
		{163B9D48-B992-47C3-99A6-D1AFC518F7B8}.AppStore|iPhone.Deploy.0 = Release|Any CPU
		{163B9D48-B992-47C3-99A6-D1AFC518F7B8}.AppStore|iPhoneSimulator.ActiveCfg = Release|Any CPU
		{163B9D48-B992-47C3-99A6-D1AFC518F7B8}.AppStore|iPhoneSimulator.Build.0 = Release|Any CPU
		{163B9D48-B992-47C3-99A6-D1AFC518F7B8}.AppStore|iPhoneSimulator.Deploy.0 = Release|Any CPU
		{163B9D48-B992-47C3-99A6-D1AFC518F7B8}.AppStore|x64.ActiveCfg = Release|x64
		{163B9D48-B992-47C3-99A6-D1AFC518F7B8}.AppStore|x64.Build.0 = Release|x64
		{163B9D48-B992-47C3-99A6-D1AFC518F7B8}.AppStore|x64.Deploy.0 = Release|x64
		{163B9D48-B992-47C3-99A6-D1AFC518F7B8}.AppStore|x86.ActiveCfg = Release|x86
		{163B9D48-B992-47C3-99A6-D1AFC518F7B8}.AppStore|x86.Build.0 = Release|x86
		{163B9D48-B992-47C3-99A6-D1AFC518F7B8}.AppStore|x86.Deploy.0 = Release|x86
		{163B9D48-B992-47C3-99A6-D1AFC518F7B8}.Debug|Any CPU.ActiveCfg = Debug|Any CPU
		{163B9D48-B992-47C3-99A6-D1AFC518F7B8}.Debug|Any CPU.Build.0 = Debug|Any CPU
		{163B9D48-B992-47C3-99A6-D1AFC518F7B8}.Debug|Any CPU.Deploy.0 = Debug|Any CPU
		{163B9D48-B992-47C3-99A6-D1AFC518F7B8}.Debug|ARM.ActiveCfg = Debug|ARM
		{163B9D48-B992-47C3-99A6-D1AFC518F7B8}.Debug|ARM.Build.0 = Debug|ARM
		{163B9D48-B992-47C3-99A6-D1AFC518F7B8}.Debug|ARM.Deploy.0 = Debug|ARM
		{163B9D48-B992-47C3-99A6-D1AFC518F7B8}.Debug|iPhone.ActiveCfg = Debug|Any CPU
		{163B9D48-B992-47C3-99A6-D1AFC518F7B8}.Debug|iPhone.Build.0 = Debug|Any CPU
		{163B9D48-B992-47C3-99A6-D1AFC518F7B8}.Debug|iPhone.Deploy.0 = Debug|Any CPU
		{163B9D48-B992-47C3-99A6-D1AFC518F7B8}.Debug|iPhoneSimulator.ActiveCfg = Debug|Any CPU
		{163B9D48-B992-47C3-99A6-D1AFC518F7B8}.Debug|iPhoneSimulator.Build.0 = Debug|Any CPU
		{163B9D48-B992-47C3-99A6-D1AFC518F7B8}.Debug|iPhoneSimulator.Deploy.0 = Debug|Any CPU
		{163B9D48-B992-47C3-99A6-D1AFC518F7B8}.Debug|x64.ActiveCfg = Debug|x64
		{163B9D48-B992-47C3-99A6-D1AFC518F7B8}.Debug|x64.Build.0 = Debug|x64
		{163B9D48-B992-47C3-99A6-D1AFC518F7B8}.Debug|x64.Deploy.0 = Debug|x64
		{163B9D48-B992-47C3-99A6-D1AFC518F7B8}.Debug|x86.ActiveCfg = Debug|x86
		{163B9D48-B992-47C3-99A6-D1AFC518F7B8}.Debug|x86.Build.0 = Debug|x86
		{163B9D48-B992-47C3-99A6-D1AFC518F7B8}.Debug|x86.Deploy.0 = Debug|x86
		{163B9D48-B992-47C3-99A6-D1AFC518F7B8}.Release|Any CPU.ActiveCfg = Release|Any CPU
		{163B9D48-B992-47C3-99A6-D1AFC518F7B8}.Release|Any CPU.Build.0 = Release|Any CPU
		{163B9D48-B992-47C3-99A6-D1AFC518F7B8}.Release|Any CPU.Deploy.0 = Release|Any CPU
		{163B9D48-B992-47C3-99A6-D1AFC518F7B8}.Release|ARM.ActiveCfg = Release|ARM
		{163B9D48-B992-47C3-99A6-D1AFC518F7B8}.Release|ARM.Build.0 = Release|ARM
		{163B9D48-B992-47C3-99A6-D1AFC518F7B8}.Release|ARM.Deploy.0 = Release|ARM
		{163B9D48-B992-47C3-99A6-D1AFC518F7B8}.Release|iPhone.ActiveCfg = Release|Any CPU
		{163B9D48-B992-47C3-99A6-D1AFC518F7B8}.Release|iPhone.Build.0 = Release|Any CPU
		{163B9D48-B992-47C3-99A6-D1AFC518F7B8}.Release|iPhone.Deploy.0 = Release|Any CPU
		{163B9D48-B992-47C3-99A6-D1AFC518F7B8}.Release|iPhoneSimulator.ActiveCfg = Release|Any CPU
		{163B9D48-B992-47C3-99A6-D1AFC518F7B8}.Release|iPhoneSimulator.Build.0 = Release|Any CPU
		{163B9D48-B992-47C3-99A6-D1AFC518F7B8}.Release|iPhoneSimulator.Deploy.0 = Release|Any CPU
		{163B9D48-B992-47C3-99A6-D1AFC518F7B8}.Release|x64.ActiveCfg = Release|x64
		{163B9D48-B992-47C3-99A6-D1AFC518F7B8}.Release|x64.Build.0 = Release|x64
		{163B9D48-B992-47C3-99A6-D1AFC518F7B8}.Release|x64.Deploy.0 = Release|x64
		{163B9D48-B992-47C3-99A6-D1AFC518F7B8}.Release|x86.ActiveCfg = Release|x86
		{163B9D48-B992-47C3-99A6-D1AFC518F7B8}.Release|x86.Build.0 = Release|x86
		{163B9D48-B992-47C3-99A6-D1AFC518F7B8}.Release|x86.Deploy.0 = Release|x86
		{42E84D6B-6424-4F7C-BCD4-4A3F095F7052}.Ad-Hoc|Any CPU.ActiveCfg = Release|Any CPU
		{42E84D6B-6424-4F7C-BCD4-4A3F095F7052}.Ad-Hoc|Any CPU.Build.0 = Release|Any CPU
		{42E84D6B-6424-4F7C-BCD4-4A3F095F7052}.Ad-Hoc|ARM.ActiveCfg = Release|Any CPU
		{42E84D6B-6424-4F7C-BCD4-4A3F095F7052}.Ad-Hoc|ARM.Build.0 = Release|Any CPU
		{42E84D6B-6424-4F7C-BCD4-4A3F095F7052}.Ad-Hoc|iPhone.ActiveCfg = Release|Any CPU
		{42E84D6B-6424-4F7C-BCD4-4A3F095F7052}.Ad-Hoc|iPhone.Build.0 = Release|Any CPU
		{42E84D6B-6424-4F7C-BCD4-4A3F095F7052}.Ad-Hoc|iPhoneSimulator.ActiveCfg = Release|Any CPU
		{42E84D6B-6424-4F7C-BCD4-4A3F095F7052}.Ad-Hoc|iPhoneSimulator.Build.0 = Release|Any CPU
		{42E84D6B-6424-4F7C-BCD4-4A3F095F7052}.Ad-Hoc|x64.ActiveCfg = Release|Any CPU
		{42E84D6B-6424-4F7C-BCD4-4A3F095F7052}.Ad-Hoc|x64.Build.0 = Release|Any CPU
		{42E84D6B-6424-4F7C-BCD4-4A3F095F7052}.Ad-Hoc|x86.ActiveCfg = Release|Any CPU
		{42E84D6B-6424-4F7C-BCD4-4A3F095F7052}.Ad-Hoc|x86.Build.0 = Release|Any CPU
		{42E84D6B-6424-4F7C-BCD4-4A3F095F7052}.AppStore|Any CPU.ActiveCfg = Release|Any CPU
		{42E84D6B-6424-4F7C-BCD4-4A3F095F7052}.AppStore|Any CPU.Build.0 = Release|Any CPU
		{42E84D6B-6424-4F7C-BCD4-4A3F095F7052}.AppStore|ARM.ActiveCfg = Release|Any CPU
		{42E84D6B-6424-4F7C-BCD4-4A3F095F7052}.AppStore|ARM.Build.0 = Release|Any CPU
		{42E84D6B-6424-4F7C-BCD4-4A3F095F7052}.AppStore|iPhone.ActiveCfg = Release|Any CPU
		{42E84D6B-6424-4F7C-BCD4-4A3F095F7052}.AppStore|iPhone.Build.0 = Release|Any CPU
		{42E84D6B-6424-4F7C-BCD4-4A3F095F7052}.AppStore|iPhoneSimulator.ActiveCfg = Release|Any CPU
		{42E84D6B-6424-4F7C-BCD4-4A3F095F7052}.AppStore|iPhoneSimulator.Build.0 = Release|Any CPU
		{42E84D6B-6424-4F7C-BCD4-4A3F095F7052}.AppStore|x64.ActiveCfg = Release|Any CPU
		{42E84D6B-6424-4F7C-BCD4-4A3F095F7052}.AppStore|x64.Build.0 = Release|Any CPU
		{42E84D6B-6424-4F7C-BCD4-4A3F095F7052}.AppStore|x86.ActiveCfg = Release|Any CPU
		{42E84D6B-6424-4F7C-BCD4-4A3F095F7052}.AppStore|x86.Build.0 = Release|Any CPU
		{42E84D6B-6424-4F7C-BCD4-4A3F095F7052}.Debug|Any CPU.ActiveCfg = Debug|Any CPU
		{42E84D6B-6424-4F7C-BCD4-4A3F095F7052}.Debug|Any CPU.Build.0 = Debug|Any CPU
		{42E84D6B-6424-4F7C-BCD4-4A3F095F7052}.Debug|ARM.ActiveCfg = Debug|Any CPU
		{42E84D6B-6424-4F7C-BCD4-4A3F095F7052}.Debug|ARM.Build.0 = Debug|Any CPU
		{42E84D6B-6424-4F7C-BCD4-4A3F095F7052}.Debug|iPhone.ActiveCfg = Debug|Any CPU
		{42E84D6B-6424-4F7C-BCD4-4A3F095F7052}.Debug|iPhone.Build.0 = Debug|Any CPU
		{42E84D6B-6424-4F7C-BCD4-4A3F095F7052}.Debug|iPhoneSimulator.ActiveCfg = Debug|Any CPU
		{42E84D6B-6424-4F7C-BCD4-4A3F095F7052}.Debug|iPhoneSimulator.Build.0 = Debug|Any CPU
		{42E84D6B-6424-4F7C-BCD4-4A3F095F7052}.Debug|x64.ActiveCfg = Debug|Any CPU
		{42E84D6B-6424-4F7C-BCD4-4A3F095F7052}.Debug|x64.Build.0 = Debug|Any CPU
		{42E84D6B-6424-4F7C-BCD4-4A3F095F7052}.Debug|x86.ActiveCfg = Debug|Any CPU
		{42E84D6B-6424-4F7C-BCD4-4A3F095F7052}.Debug|x86.Build.0 = Debug|Any CPU
		{42E84D6B-6424-4F7C-BCD4-4A3F095F7052}.Release|Any CPU.ActiveCfg = Release|Any CPU
		{42E84D6B-6424-4F7C-BCD4-4A3F095F7052}.Release|Any CPU.Build.0 = Release|Any CPU
		{42E84D6B-6424-4F7C-BCD4-4A3F095F7052}.Release|ARM.ActiveCfg = Release|Any CPU
		{42E84D6B-6424-4F7C-BCD4-4A3F095F7052}.Release|ARM.Build.0 = Release|Any CPU
		{42E84D6B-6424-4F7C-BCD4-4A3F095F7052}.Release|iPhone.ActiveCfg = Release|Any CPU
		{42E84D6B-6424-4F7C-BCD4-4A3F095F7052}.Release|iPhone.Build.0 = Release|Any CPU
		{42E84D6B-6424-4F7C-BCD4-4A3F095F7052}.Release|iPhoneSimulator.ActiveCfg = Release|Any CPU
		{42E84D6B-6424-4F7C-BCD4-4A3F095F7052}.Release|iPhoneSimulator.Build.0 = Release|Any CPU
		{42E84D6B-6424-4F7C-BCD4-4A3F095F7052}.Release|x64.ActiveCfg = Release|Any CPU
		{42E84D6B-6424-4F7C-BCD4-4A3F095F7052}.Release|x64.Build.0 = Release|Any CPU
		{42E84D6B-6424-4F7C-BCD4-4A3F095F7052}.Release|x86.ActiveCfg = Release|Any CPU
		{42E84D6B-6424-4F7C-BCD4-4A3F095F7052}.Release|x86.Build.0 = Release|Any CPU
	EndGlobalSection
	GlobalSection(SolutionProperties) = preSolution
		HideSolutionNode = FALSE
	EndGlobalSection
EndGlobal
